
Microsoft Visual Studio Solution File, Format Version 12.00
# Visual Studio Version 17
VisualStudioVersion = 17.2.32519.379
MinimumVisualStudioVersion = 10.0.40219.1
Project("{888888A0-9F3D-457C-B088-3A5042F75D52}") = "PraktilinetööFunktsioonidekasutamine", "PraktilinetööFunktsioonidekasutamine\PraktilinetööFunktsioonidekasutamine.pyproj", "{39545E41-8633-4FB5-9FC1-6626306606AA}"
EndProject
Global
	GlobalSection(SolutionConfigurationPlatforms) = preSolution
		Debug|Any CPU = Debug|Any CPU
		Release|Any CPU = Release|Any CPU
	EndGlobalSection
	GlobalSection(ProjectConfigurationPlatforms) = postSolution
		{39545E41-8633-4FB5-9FC1-6626306606AA}.Debug|Any CPU.ActiveCfg = Debug|Any CPU
		{39545E41-8633-4FB5-9FC1-6626306606AA}.Release|Any CPU.ActiveCfg = Release|Any CPU
	EndGlobalSection
	GlobalSection(SolutionProperties) = preSolution
		HideSolutionNode = FALSE
	EndGlobalSection
	GlobalSection(ExtensibilityGlobals) = postSolution
		SolutionGuid = {497B9EA6-0069-4B9F-8810-6DB4509389E3}
	EndGlobalSection
EndGlobal
